# This file is generated by running "yarn install" inside your project.
# Manual changes might be lost - proceed with caution!

__metadata:
  version: 4
  cacheKey: 8

"@types/node@npm:^16.4.11":
  version: 16.4.11
  resolution: "@types/node@npm:16.4.11"
  checksum: 9c50c79acc587d90be4d2a408772a53239d9532b7a4b88e27baadb652a15a4a57e3bb6a242a1b153a30b6cf55cb69db87992494f47b2aa2683f2f28cfd5c3bd4
  languageName: node
  linkType: hard

"pkg10@workspace:packages/pkg10":
  version: 0.0.0-use.local
  resolution: "pkg10@workspace:packages/pkg10"
  languageName: unknown
  linkType: soft

"pkg1@workspace:packages/pkg1":
  version: 0.0.0-use.local
  resolution: "pkg1@workspace:packages/pkg1"
  languageName: unknown
  linkType: soft

"pkg2@workspace:packages/pkg2":
  version: 0.0.0-use.local
  resolution: "pkg2@workspace:packages/pkg2"
  languageName: unknown
  linkType: soft

"pkg3@workspace:packages/pkg3":
  version: 0.0.0-use.local
  resolution: "pkg3@workspace:packages/pkg3"
  languageName: unknown
  linkType: soft

"pkg4@workspace:packages/pkg4":
  version: 0.0.0-use.local
  resolution: "pkg4@workspace:packages/pkg4"
  languageName: unknown
  linkType: soft

"pkg5@workspace:packages/pkg5":
  version: 0.0.0-use.local
  resolution: "pkg5@workspace:packages/pkg5"
  languageName: unknown
  linkType: soft

"pkg6@workspace:packages/pkg6":
  version: 0.0.0-use.local
  resolution: "pkg6@workspace:packages/pkg6"
  languageName: unknown
  linkType: soft

"pkg7@workspace:packages/pkg7":
  version: 0.0.0-use.local
  resolution: "pkg7@workspace:packages/pkg7"
  languageName: unknown
  linkType: soft

"pkg8@workspace:packages/pkg8":
  version: 0.0.0-use.local
  resolution: "pkg8@workspace:packages/pkg8"
  languageName: unknown
  linkType: soft

"pkg9@workspace:packages/pkg9":
  version: 0.0.0-use.local
  resolution: "pkg9@workspace:packages/pkg9"
  languageName: unknown
  linkType: soft

"yarn-repro-parallel@workspace:.":
  version: 0.0.0-use.local
  resolution: "yarn-repro-parallel@workspace:."
  dependencies:
    "@types/node": ^16.4.11
  languageName: unknown
  linkType: soft
